
Microsoft Visual Studio Solution File, Format Version 12.00
# Visual Studio Version 17
VisualStudioVersion = 17.3.32929.385
MinimumVisualStudioVersion = 10.0.40219.1
Project("{8BC9CEB8-8B4A-11D0-8D11-00A0C91BC942}") = "IOCPChatProgram", "IOCPChatProgram\IOCPChatProgram.vcxproj", "{1F4EC8A0-76F0-44F3-9A29-28B814657C69}"
EndProject
Project("{8BC9CEB8-8B4A-11D0-8D11-00A0C91BC942}") = "IOCPChatProgramClient", "IOCPChatProgramClient\IOCPChatProgramClient.vcxproj", "{B620BA34-0269-43FC-8529-C5921C6CFBDF}"
EndProject
Global
	GlobalSection(SolutionConfigurationPlatforms) = preSolution
		Debug|x64 = Debug|x64
		Debug|x86 = Debug|x86
		Release|x64 = Release|x64
		Release|x86 = Release|x86
	EndGlobalSection
	GlobalSection(ProjectConfigurationPlatforms) = postSolution
		{1F4EC8A0-76F0-44F3-9A29-28B814657C69}.Debug|x64.ActiveCfg = Debug|x64
		{1F4EC8A0-76F0-44F3-9A29-28B814657C69}.Debug|x64.Build.0 = Debug|x64
		{1F4EC8A0-76F0-44F3-9A29-28B814657C69}.Debug|x86.ActiveCfg = Debug|Win32
		{1F4EC8A0-76F0-44F3-9A29-28B814657C69}.Debug|x86.Build.0 = Debug|Win32
		{1F4EC8A0-76F0-44F3-9A29-28B814657C69}.Release|x64.ActiveCfg = Release|x64
		{1F4EC8A0-76F0-44F3-9A29-28B814657C69}.Release|x64.Build.0 = Release|x64
		{1F4EC8A0-76F0-44F3-9A29-28B814657C69}.Release|x86.ActiveCfg = Release|Win32
		{1F4EC8A0-76F0-44F3-9A29-28B814657C69}.Release|x86.Build.0 = Release|Win32
		{B620BA34-0269-43FC-8529-C5921C6CFBDF}.Debug|x64.ActiveCfg = Debug|x64
		{B620BA34-0269-43FC-8529-C5921C6CFBDF}.Debug|x64.Build.0 = Debug|x64
		{B620BA34-0269-43FC-8529-C5921C6CFBDF}.Debug|x86.ActiveCfg = Debug|Win32
		{B620BA34-0269-43FC-8529-C5921C6CFBDF}.Debug|x86.Build.0 = Debug|Win32
		{B620BA34-0269-43FC-8529-C5921C6CFBDF}.Release|x64.ActiveCfg = Release|x64
		{B620BA34-0269-43FC-8529-C5921C6CFBDF}.Release|x64.Build.0 = Release|x64
		{B620BA34-0269-43FC-8529-C5921C6CFBDF}.Release|x86.ActiveCfg = Release|Win32
		{B620BA34-0269-43FC-8529-C5921C6CFBDF}.Release|x86.Build.0 = Release|Win32
	EndGlobalSection
	GlobalSection(SolutionProperties) = preSolution
		HideSolutionNode = FALSE
	EndGlobalSection
	GlobalSection(ExtensibilityGlobals) = postSolution
		SolutionGuid = {3D6C94A3-144D-45AB-AC72-4DF481D3EDE2}
	EndGlobalSection
EndGlobal
